
Microsoft Visual Studio Solution File, Format Version 12.00
# Visual Studio Version 17
VisualStudioVersion = 17.2.32519.379
MinimumVisualStudioVersion = 10.0.40219.1
Project("{9A19103F-16F7-4668-BE54-9A1E7A4F7556}") = "CarHist.Blazor", "CarHist.Blazor.csproj", "{A5870B7A-2752-444D-983F-B9AB0D1D944C}"
EndProject
Global
	GlobalSection(SolutionConfigurationPlatforms) = preSolution
		Debug|Any CPU = Debug|Any CPU
		Release|Any CPU = Release|Any CPU
	EndGlobalSection
	GlobalSection(ProjectConfigurationPlatforms) = postSolution
		{A5870B7A-2752-444D-983F-B9AB0D1D944C}.Debug|Any CPU.ActiveCfg = Debug|Any CPU
		{A5870B7A-2752-444D-983F-B9AB0D1D944C}.Debug|Any CPU.Build.0 = Debug|Any CPU
		{A5870B7A-2752-444D-983F-B9AB0D1D944C}.Release|Any CPU.ActiveCfg = Release|Any CPU
		{A5870B7A-2752-444D-983F-B9AB0D1D944C}.Release|Any CPU.Build.0 = Release|Any CPU
	EndGlobalSection
	GlobalSection(SolutionProperties) = preSolution
		HideSolutionNode = FALSE
	EndGlobalSection
	GlobalSection(ExtensibilityGlobals) = postSolution
		SolutionGuid = {C4593342-0CB8-460E-8E8A-B6DB26AE5430}
	EndGlobalSection
EndGlobal
